// !$*UTF8*$!
{
	archiveVersion = 1;
	classes = {
	};
	objectVersion = 46;
	objects = {

/* Begin PBXBuildFile section */
		D3013DFB1C06B7FA00266EE2 /* DemoViewController.swift in Sources */ = {isa = PBXBuildFile; fileRef = D3013DFA1C06B7FA00266EE2 /* DemoViewController.swift */; };
		D33C7C801C44E9A800E1687A /* TBEmptyDataSet.framework in Frameworks */ = {isa = PBXBuildFile; fileRef = D33C7C7F1C44E9A800E1687A /* TBEmptyDataSet.framework */; };
		D33C7C811C44E9A800E1687A /* TBEmptyDataSet.framework in Embed Frameworks */ = {isa = PBXBuildFile; fileRef = D33C7C7F1C44E9A800E1687A /* TBEmptyDataSet.framework */; settings = {ATTRIBUTES = (CodeSignOnCopy, RemoveHeadersOnCopy, ); }; };
		D3565AA31BFD9449002CFA16 /* AppDelegate.swift in Sources */ = {isa = PBXBuildFile; fileRef = D3565AA21BFD9449002CFA16 /* AppDelegate.swift */; };
		D3565AA81BFD9449002CFA16 /* Main.storyboard in Resources */ = {isa = PBXBuildFile; fileRef = D3565AA61BFD9449002CFA16 /* Main.storyboard */; };
		D3565AAA1BFD9449002CFA16 /* Assets.xcassets in Resources */ = {isa = PBXBuildFile; fileRef = D3565AA91BFD9449002CFA16 /* Assets.xcassets */; };
		D39EBFCA1C040C040089B394 /* EmptyDataDemoTableViewController.swift in Sources */ = {isa = PBXBuildFile; fileRef = D39EBFC91C040C040089B394 /* EmptyDataDemoTableViewController.swift */; };
		D39EBFCC1C040F220089B394 /* EmptyDataDemoCollectionViewController.swift in Sources */ = {isa = PBXBuildFile; fileRef = D39EBFCB1C040F220089B394 /* EmptyDataDemoCollectionViewController.swift */; };
/* End PBXBuildFile section */

/* Begin PBXCopyFilesBuildPhase section */
		D33C7C821C44E9A800E1687A /* Embed Frameworks */ = {
			isa = PBXCopyFilesBuildPhase;
			buildActionMask = 2147483647;
			dstPath = "";
			dstSubfolderSpec = 10;
			files = (
				D33C7C811C44E9A800E1687A /* TBEmptyDataSet.framework in Embed Frameworks */,
			);
			name = "Embed Frameworks";
			runOnlyForDeploymentPostprocessing = 0;
		};
/* End PBXCopyFilesBuildPhase section */

/* Begin PBXFileReference section */
		D3013DFA1C06B7FA00266EE2 /* DemoViewController.swift */ = {isa = PBXFileReference; fileEncoding = 4; lastKnownFileType = sourcecode.swift; path = DemoViewController.swift; sourceTree = "<group>"; };
		D33C7C7F1C44E9A800E1687A /* TBEmptyDataSet.framework */ = {isa = PBXFileReference; explicitFileType = wrapper.framework; name = TBEmptyDataSet.framework; path = "/Users/hongxin/Library/Developer/Xcode/DerivedData/TBEmptyDataSet-cgdivxseqtlgnzctplvlotcjtyby/Build/Products/Debug-iphoneos/TBEmptyDataSet.framework"; sourceTree = "<absolute>"; };
		D3565A9F1BFD9449002CFA16 /* TBEmptyDataSetExample.app */ = {isa = PBXFileReference; explicitFileType = wrapper.application; includeInIndex = 0; path = TBEmptyDataSetExample.app; sourceTree = BUILT_PRODUCTS_DIR; };
		D3565AA21BFD9449002CFA16 /* AppDelegate.swift */ = {isa = PBXFileReference; lastKnownFileType = sourcecode.swift; path = AppDelegate.swift; sourceTree = "<group>"; };
		D3565AA71BFD9449002CFA16 /* Base */ = {isa = PBXFileReference; lastKnownFileType = file.storyboard; name = Base; path = Base.lproj/Main.storyboard; sourceTree = "<group>"; };
		D3565AA91BFD9449002CFA16 /* Assets.xcassets */ = {isa = PBXFileReference; lastKnownFileType = folder.assetcatalog; path = Assets.xcassets; sourceTree = "<group>"; };
		D3565AAE1BFD9449002CFA16 /* Info.plist */ = {isa = PBXFileReference; lastKnownFileType = text.plist.xml; path = Info.plist; sourceTree = "<group>"; };
		D39EBFC91C040C040089B394 /* EmptyDataDemoTableViewController.swift */ = {isa = PBXFileReference; fileEncoding = 4; lastKnownFileType = sourcecode.swift; path = EmptyDataDemoTableViewController.swift; sourceTree = "<group>"; };
		D39EBFCB1C040F220089B394 /* EmptyDataDemoCollectionViewController.swift */ = {isa = PBXFileReference; fileEncoding = 4; lastKnownFileType = sourcecode.swift; path = EmptyDataDemoCollectionViewController.swift; sourceTree = "<group>"; };
/* End PBXFileReference section */

/* Begin PBXFrameworksBuildPhase section */
		D3565A9C1BFD9449002CFA16 /* Frameworks */ = {
			isa = PBXFrameworksBuildPhase;
			buildActionMask = 2147483647;
			files = (
				D33C7C801C44E9A800E1687A /* TBEmptyDataSet.framework in Frameworks */,
			);
			runOnlyForDeploymentPostprocessing = 0;
		};
/* End PBXFrameworksBuildPhase section */

/* Begin PBXGroup section */
		D3565A961BFD9449002CFA16 = {
			isa = PBXGroup;
			children = (
				D33C7C7F1C44E9A800E1687A /* TBEmptyDataSet.framework */,
				D3565AA11BFD9449002CFA16 /* Example */,
				D3565AA01BFD9449002CFA16 /* Products */,
			);
			sourceTree = "<group>";
		};
		D3565AA01BFD9449002CFA16 /* Products */ = {
			isa = PBXGroup;
			children = (
				D3565A9F1BFD9449002CFA16 /* TBEmptyDataSetExample.app */,
			);
			name = Products;
			sourceTree = "<group>";
		};
		D3565AA11BFD9449002CFA16 /* Example */ = {
			isa = PBXGroup;
			children = (
				D3565AA21BFD9449002CFA16 /* AppDelegate.swift */,
				D3013DFA1C06B7FA00266EE2 /* DemoViewController.swift */,
				D39EBFC91C040C040089B394 /* EmptyDataDemoTableViewController.swift */,
				D39EBFCB1C040F220089B394 /* EmptyDataDemoCollectionViewController.swift */,
				D3565AA61BFD9449002CFA16 /* Main.storyboard */,
				D3565AA91BFD9449002CFA16 /* Assets.xcassets */,
				D3565AAE1BFD9449002CFA16 /* Info.plist */,
			);
			path = Example;
			sourceTree = "<group>";
		};
/* End PBXGroup section */

/* Begin PBXNativeTarget section */
		D3565A9E1BFD9449002CFA16 /* TBEmptyDataSetExample */ = {
			isa = PBXNativeTarget;
			buildConfigurationList = D3565AB11BFD9449002CFA16 /* Build configuration list for PBXNativeTarget "TBEmptyDataSetExample" */;
			buildPhases = (
				D3565A9B1BFD9449002CFA16 /* Sources */,
				D3565A9C1BFD9449002CFA16 /* Frameworks */,
				D3565A9D1BFD9449002CFA16 /* Resources */,
				D3013DFC1C06E0D200266EE2 /* ShellScript */,
				D33C7C821C44E9A800E1687A /* Embed Frameworks */,
			);
			buildRules = (
			);
			dependencies = (
			);
			name = TBEmptyDataSetExample;
			productName = TBEmptyDataSet;
			productReference = D3565A9F1BFD9449002CFA16 /* TBEmptyDataSetExample.app */;
			productType = "com.apple.product-type.application";
		};
/* End PBXNativeTarget section */

/* Begin PBXProject section */
		D3565A971BFD9449002CFA16 /* Project object */ = {
			isa = PBXProject;
			attributes = {
				LastSwiftUpdateCheck = 0710;
				LastUpgradeCheck = 0800;
				ORGANIZATIONNAME = Teambition;
				TargetAttributes = {
					D3565A9E1BFD9449002CFA16 = {
						CreatedOnToolsVersion = 7.1.1;
						LastSwiftMigration = 0800;
					};
				};
			};
			buildConfigurationList = D3565A9A1BFD9449002CFA16 /* Build configuration list for PBXProject "TBEmptyDataSetExample" */;
			compatibilityVersion = "Xcode 3.2";
			developmentRegion = English;
			hasScannedForEncodings = 0;
			knownRegions = (
				en,
				Base,
			);
			mainGroup = D3565A961BFD9449002CFA16;
			productRefGroup = D3565AA01BFD9449002CFA16 /* Products */;
			projectDirPath = "";
			projectRoot = "";
			targets = (
				D3565A9E1BFD9449002CFA16 /* TBEmptyDataSetExample */,
			);
		};
/* End PBXProject section */

/* Begin PBXResourcesBuildPhase section */
		D3565A9D1BFD9449002CFA16 /* Resources */ = {
			isa = PBXResourcesBuildPhase;
			buildActionMask = 2147483647;
			files = (
				D3565AAA1BFD9449002CFA16 /* Assets.xcassets in Resources */,
				D3565AA81BFD9449002CFA16 /* Main.storyboard in Resources */,
			);
			runOnlyForDeploymentPostprocessing = 0;
		};
/* End PBXResourcesBuildPhase section */

/* Begin PBXShellScriptBuildPhase section */
		D3013DFC1C06E0D200266EE2 /* ShellScript */ = {
			isa = PBXShellScriptBuildPhase;
			buildActionMask = 2147483647;
			files = (
			);
			inputPaths = (
			);
			outputPaths = (
			);
			runOnlyForDeploymentPostprocessing = 0;
			shellPath = /bin/sh;
			shellScript = "if which swiftlint >/dev/null; then\n    swiftlint\nelse\n    echo \"warning: SwiftLint not installed, download from https://github.com/realm/SwiftLint\"\nfi";
		};
/* End PBXShellScriptBuildPhase section */

/* Begin PBXSourcesBuildPhase section */
		D3565A9B1BFD9449002CFA16 /* Sources */ = {
			isa = PBXSourcesBuildPhase;
			buildActionMask = 2147483647;
			files = (
				D3565AA31BFD9449002CFA16 /* AppDelegate.swift in Sources */,
				D39EBFCA1C040C040089B394 /* EmptyDataDemoTableViewController.swift in Sources */,
				D39EBFCC1C040F220089B394 /* EmptyDataDemoCollectionViewController.swift in Sources */,
				D3013DFB1C06B7FA00266EE2 /* DemoViewController.swift in Sources */,
			);
			runOnlyForDeploymentPostprocessing = 0;
		};
/* End PBXSourcesBuildPhase section */

/* Begin PBXVariantGroup section */
		D3565AA61BFD9449002CFA16 /* Main.storyboard */ = {
			isa = PBXVariantGroup;
			children = (
				D3565AA71BFD9449002CFA16 /* Base */,
			);
			name = Main.storyboard;
			sourceTree = "<group>";
		};
/* End PBXVariantGroup section */

/* Begin XCBuildConfiguration section */
		D3565AAF1BFD9449002CFA16 /* Debug */ = {
			isa = XCBuildConfiguration;
			buildSettings = {
				ALWAYS_SEARCH_USER_PATHS = NO;
				CLANG_CXX_LANGUAGE_STANDARD = "gnu++0x";
				CLANG_CXX_LIBRARY = "libc++";
				CLANG_ENABLE_MODULES = YES;
				CLANG_ENABLE_OBJC_ARC = YES;
				CLANG_WARN_BOOL_CONVERSION = YES;
				CLANG_WARN_CONSTANT_CONVERSION = YES;
				CLANG_WARN_DIRECT_OBJC_ISA_USAGE = YES_ERROR;
				CLANG_WARN_EMPTY_BODY = YES;
				CLANG_WARN_ENUM_CONVERSION = YES;
				CLANG_WARN_INFINITE_RECURSION = YES;
				CLANG_WARN_INT_CONVERSION = YES;
				CLANG_WARN_OBJC_ROOT_CLASS = YES_ERROR;
				CLANG_WARN_SUSPICIOUS_MOVE = YES;
				CLANG_WARN_UNREACHABLE_CODE = YES;
				CLANG_WARN__DUPLICATE_METHOD_MATCH = YES;
				"CODE_SIGN_IDENTITY[sdk=iphoneos*]" = "iPhone Developer";
				COPY_PHASE_STRIP = NO;
				DEBUG_INFORMATION_FORMAT = dwarf;
				ENABLE_STRICT_OBJC_MSGSEND = YES;
				ENABLE_TESTABILITY = YES;
				GCC_C_LANGUAGE_STANDARD = gnu99;
				GCC_DYNAMIC_NO_PIC = NO;
				GCC_NO_COMMON_BLOCKS = YES;
				GCC_OPTIMIZATION_LEVEL = 0;
				GCC_PREPROCESSOR_DEFINITIONS = (
					"DEBUG=1",
					"$(inherited)",
				);
				GCC_WARN_64_TO_32_BIT_CONVERSION = YES;
				GCC_WARN_ABOUT_RETURN_TYPE = YES_ERROR;
				GCC_WARN_UNDECLARED_SELECTOR = YES;
				GCC_WARN_UNINITIALIZED_AUTOS = YES_AGGRESSIVE;
				GCC_WARN_UNUSED_FUNCTION = YES;
				GCC_WARN_UNUSED_VARIABLE = YES;
				IPHONEOS_DEPLOYMENT_TARGET = 8.0;
				MTL_ENABLE_DEBUG_INFO = YES;
				ONLY_ACTIVE_ARCH = YES;
				SDKROOT = iphoneos;
				SWIFT_OPTIMIZATION_LEVEL = "-Onone";
				TARGETED_DEVICE_FAMILY = "1,2";
			};
			name = Debug;
		};
		D3565AB01BFD9449002CFA16 /* Release */ = {
			isa = XCBuildConfiguration;
			buildSettings = {
				ALWAYS_SEARCH_USER_PATHS = NO;
				CLANG_CXX_LANGUAGE_STANDARD = "gnu++0x";
				CLANG_CXX_LIBRARY = "libc++";
				CLANG_ENABLE_MODULES = YES;
				CLANG_ENABLE_OBJC_ARC = YES;
				CLANG_WARN_BOOL_CONVERSION = YES;
				CLANG_WARN_CONSTANT_CONVERSION = YES;
				CLANG_WARN_DIRECT_OBJC_ISA_USAGE = YES_ERROR;
				CLANG_WARN_EMPTY_BODY = YES;
				CLANG_WARN_ENUM_CONVERSION = YES;
				CLANG_WARN_INFINITE_RECURSION = YES;
				CLANG_WARN_INT_CONVERSION = YES;
				CLANG_WARN_OBJC_ROOT_CLASS = YES_ERROR;
				CLANG_WARN_SUSPICIOUS_MOVE = YES;
				CLANG_WARN_UNREACHABLE_CODE = YES;
				CLANG_WARN__DUPLICATE_METHOD_MATCH = YES;
				"CODE_SIGN_IDENTITY[sdk=iphoneos*]" = "iPhone Developer";
				COPY_PHASE_STRIP = NO;
				DEBUG_INFORMATION_FORMAT = "dwarf-with-dsym";
				ENABLE_NS_ASSERTIONS = NO;
				ENABLE_STRICT_OBJC_MSGSEND = YES;
				GCC_C_LANGUAGE_STANDARD = gnu99;
				GCC_NO_COMMON_BLOCKS = YES;
				GCC_WARN_64_TO_32_BIT_CONVERSION = YES;
				GCC_WARN_ABOUT_RETURN_TYPE = YES_ERROR;
				GCC_WARN_UNDECLARED_SELECTOR = YES;
				GCC_WARN_UNINITIALIZED_AUTOS = YES_AGGRESSIVE;
				GCC_WARN_UNUSED_FUNCTION = YES;
				GCC_WARN_UNUSED_VARIABLE = YES;
				IPHONEOS_DEPLOYMENT_TARGET = 8.0;
				MTL_ENABLE_DEBUG_INFO = NO;
				SDKROOT = iphoneos;
				SWIFT_OPTIMIZATION_LEVEL = "-Owholemodule";
				TARGETED_DEVICE_FAMILY = "1,2";
				VALIDATE_PRODUCT = YES;
			};
			name = Release;
		};
		D3565AB21BFD9449002CFA16 /* Debug */ = {
			isa = XCBuildConfiguration;
			buildSettings = {
				ASSETCATALOG_COMPILER_APPICON_NAME = AppIcon;
				INFOPLIST_FILE = "$(SRCROOT)/Example/Info.plist";
				IPHONEOS_DEPLOYMENT_TARGET = 8.0;
				LD_RUNPATH_SEARCH_PATHS = "$(inherited) @executable_path/Frameworks";
				PRODUCT_BUNDLE_IDENTIFIER = Teambition.TBEmptyDataSetExample;
				PRODUCT_NAME = TBEmptyDataSetExample;
				SWIFT_VERSION = 4.0;
			};
			name = Debug;
		};
		D3565AB31BFD9449002CFA16 /* Release */ = {
			isa = XCBuildConfiguration;
			buildSettings = {
				ASSETCATALOG_COMPILER_APPICON_NAME = AppIcon;
				INFOPLIST_FILE = "$(SRCROOT)/Example/Info.plist";
				IPHONEOS_DEPLOYMENT_TARGET = 8.0;
				LD_RUNPATH_SEARCH_PATHS = "$(inherited) @executable_path/Frameworks";
				PRODUCT_BUNDLE_IDENTIFIER = Teambition.TBEmptyDataSetExample;
				PRODUCT_NAME = TBEmptyDataSetExample;
				SWIFT_VERSION = 4.0;
			};
			name = Release;
		};
/* End XCBuildConfiguration section */

/* Begin XCConfigurationList section */
		D3565A9A1BFD9449002CFA16 /* Build configuration list for PBXProject "TBEmptyDataSetExample" */ = {
			isa = XCConfigurationList;
			buildConfigurations = (
				D3565AAF1BFD9449002CFA16 /* Debug */,
				D3565AB01BFD9449002CFA16 /* Release */,
			);
			defaultConfigurationIsVisible = 0;
			defaultConfigurationName = Release;
		};
		D3565AB11BFD9449002CFA16 /* Build configuration list for PBXNativeTarget "TBEmptyDataSetExample" */ = {
			isa = XCConfigurationList;
			buildConfigurations = (
				D3565AB21BFD9449002CFA16 /* Debug */,
				D3565AB31BFD9449002CFA16 /* Release */,
			);
			defaultConfigurationIsVisible = 0;
			defaultConfigurationName = Release;
		};
/* End XCConfigurationList section */
	};
	rootObject = D3565A971BFD9449002CFA16 /* Project object */;
}
