{
  "object": {
    "pins": [
      {
        "package": "TBEmptyDataSet",
        "repositoryURL": "https://github.com/thejeff77/TBEmptyDataSet.git",
        "state": {
          "branch": null,
          "revision": "6e92ca383792c40f77ab7c7ce4adabc6178a0287",
          "version": "4.0.2"
        }
      }
    ]
  },
  "version": 1
}
