{
  "object": {
    "pins": [
      {
        "package": "TBEmptyDataSet",
        "repositoryURL": "https://github.com/thejeff77/TBEmptyDataSet.git",
        "state": {
          "branch": null,
          "revision": "7e235e507423eaa37fd0a5e02b362c6f93577a89",
          "version": "4.0.1"
        }
      }
    ]
  },
  "version": 1
}
